
Microsoft Visual Studio Solution File, Format Version 12.00
# Visual Studio Version 17
VisualStudioVersion = 17.5.33530.505
MinimumVisualStudioVersion = 10.0.40219.1
Project("{8BC9CEB8-8B4A-11D0-8D11-00A0C91BC942}") = "SheetMusic", "SheetMusic\SheetMusic.vcxproj", "{CBAB3AC1-39E3-41C9-BBCA-F918FB88A0FB}"
EndProject
Global
	GlobalSection(SolutionConfigurationPlatforms) = preSolution
		Debug|x64 = Debug|x64
		Debug|x86 = Debug|x86
		Release|x64 = Release|x64
		Release|x86 = Release|x86
	EndGlobalSection
	GlobalSection(ProjectConfigurationPlatforms) = postSolution
		{CBAB3AC1-39E3-41C9-BBCA-F918FB88A0FB}.Debug|x64.ActiveCfg = Debug|x64
		{CBAB3AC1-39E3-41C9-BBCA-F918FB88A0FB}.Debug|x64.Build.0 = Debug|x64
		{CBAB3AC1-39E3-41C9-BBCA-F918FB88A0FB}.Debug|x86.ActiveCfg = Debug|Win32
		{CBAB3AC1-39E3-41C9-BBCA-F918FB88A0FB}.Debug|x86.Build.0 = Debug|Win32
		{CBAB3AC1-39E3-41C9-BBCA-F918FB88A0FB}.Release|x64.ActiveCfg = Release|x64
		{CBAB3AC1-39E3-41C9-BBCA-F918FB88A0FB}.Release|x64.Build.0 = Release|x64
		{CBAB3AC1-39E3-41C9-BBCA-F918FB88A0FB}.Release|x86.ActiveCfg = Release|Win32
		{CBAB3AC1-39E3-41C9-BBCA-F918FB88A0FB}.Release|x86.Build.0 = Release|Win32
	EndGlobalSection
	GlobalSection(SolutionProperties) = preSolution
		HideSolutionNode = FALSE
	EndGlobalSection
	GlobalSection(ExtensibilityGlobals) = postSolution
		SolutionGuid = {1E1DDDBE-E1E6-4396-8BD7-E34050F8F781}
	EndGlobalSection
EndGlobal
